{
  "name": "codenames",
  "version": "0.0.0",
  "lockfileVersion": 1,
  "requires": true,
  "dependencies": {
    "randomcolor": {
      "version": "0.5.3",
      "resolved": "https://registry.npmjs.org/randomcolor/-/randomcolor-0.5.3.tgz",
      "integrity": "sha1-f5Dy8qf21aUiMhYe6u6uqaw7WBU="
    }
  }
}
